
Microsoft Visual Studio Solution File, Format Version 12.00
# Visual Studio 15
VisualStudioVersion = 15.0.28307.329
MinimumVisualStudioVersion = 10.0.40219.1
Project("{FAE04EC0-301F-11D3-BF4B-00C04F79EFBC}") = "BanterForums", "BanterForums\BanterForums.csproj", "{935F9750-02D4-49C8-936C-C87AF077D3B0}"
EndProject
Project("{FAE04EC0-301F-11D3-BF4B-00C04F79EFBC}") = "BanterForums.Data", "BanterForums.Data\BanterForums.Data.csproj", "{BD725CE6-C494-47CC-867B-9941EC6CB9BF}"
EndProject
Global
	GlobalSection(SolutionConfigurationPlatforms) = preSolution
		Debug|Any CPU = Debug|Any CPU
		Release|Any CPU = Release|Any CPU
	EndGlobalSection
	GlobalSection(ProjectConfigurationPlatforms) = postSolution
		{935F9750-02D4-49C8-936C-C87AF077D3B0}.Debug|Any CPU.ActiveCfg = Debug|Any CPU
		{935F9750-02D4-49C8-936C-C87AF077D3B0}.Debug|Any CPU.Build.0 = Debug|Any CPU
		{935F9750-02D4-49C8-936C-C87AF077D3B0}.Release|Any CPU.ActiveCfg = Release|Any CPU
		{935F9750-02D4-49C8-936C-C87AF077D3B0}.Release|Any CPU.Build.0 = Release|Any CPU
		{BD725CE6-C494-47CC-867B-9941EC6CB9BF}.Debug|Any CPU.ActiveCfg = Debug|Any CPU
		{BD725CE6-C494-47CC-867B-9941EC6CB9BF}.Debug|Any CPU.Build.0 = Debug|Any CPU
		{BD725CE6-C494-47CC-867B-9941EC6CB9BF}.Release|Any CPU.ActiveCfg = Release|Any CPU
		{BD725CE6-C494-47CC-867B-9941EC6CB9BF}.Release|Any CPU.Build.0 = Release|Any CPU
	EndGlobalSection
	GlobalSection(SolutionProperties) = preSolution
		HideSolutionNode = FALSE
	EndGlobalSection
	GlobalSection(ExtensibilityGlobals) = postSolution
		SolutionGuid = {B4D3572D-BB83-4F21-9FDD-36A761F8D8D1}
	EndGlobalSection
EndGlobal
